// !$*UTF8*$!
{
	archiveVersion = 1;
	classes = {
	};
	objectVersion = 50;
	objects = {

/* Begin PBXBuildFile section */
		A4BFC62D225C3FF900E98BA1 /* AppDelegate.swift in Sources */ = {isa = PBXBuildFile; fileRef = A4BFC62C225C3FF900E98BA1 /* AppDelegate.swift */; };
		A4BFC62F225C3FF900E98BA1 /* ViewController.swift in Sources */ = {isa = PBXBuildFile; fileRef = A4BFC62E225C3FF900E98BA1 /* ViewController.swift */; };
		A4BFC632225C3FF900E98BA1 /* Main.storyboard in Resources */ = {isa = PBXBuildFile; fileRef = A4BFC630225C3FF900E98BA1 /* Main.storyboard */; };
		A4BFC634225C3FFB00E98BA1 /* Assets.xcassets in Resources */ = {isa = PBXBuildFile; fileRef = A4BFC633225C3FFB00E98BA1 /* Assets.xcassets */; };
		A4BFC637225C3FFB00E98BA1 /* LaunchScreen.storyboard in Resources */ = {isa = PBXBuildFile; fileRef = A4BFC635225C3FFB00E98BA1 /* LaunchScreen.storyboard */; };
		A4BFC63F225C42A000E98BA1 /* BaseTabBarController.swift in Sources */ = {isa = PBXBuildFile; fileRef = A4BFC63E225C42A000E98BA1 /* BaseTabBarController.swift */; };
		A4BFC642225C499A00E98BA1 /* SearchController.swift in Sources */ = {isa = PBXBuildFile; fileRef = A4BFC641225C499A00E98BA1 /* SearchController.swift */; };
		A4BFC645225C4C7100E98BA1 /* SearchCell.swift in Sources */ = {isa = PBXBuildFile; fileRef = A4BFC644225C4C7100E98BA1 /* SearchCell.swift */; };
		A4BFC64A225C519C00E98BA1 /* UIView+Layout.swift in Sources */ = {isa = PBXBuildFile; fileRef = A4BFC649225C519B00E98BA1 /* UIView+Layout.swift */; };
		A4BFC64F225D770A00E98BA1 /* SearchResult.swift in Sources */ = {isa = PBXBuildFile; fileRef = A4BFC64E225D770A00E98BA1 /* SearchResult.swift */; };
		A4BFC652225D7C8F00E98BA1 /* Network.swift in Sources */ = {isa = PBXBuildFile; fileRef = A4BFC651225D7C8F00E98BA1 /* Network.swift */; };
		A4BFC654225D87EA00E98BA1 /* UIImageView+LoadImage.swift in Sources */ = {isa = PBXBuildFile; fileRef = A4BFC653225D87EA00E98BA1 /* UIImageView+LoadImage.swift */; };
		A4BFC656225DB74800E98BA1 /* AppController.swift in Sources */ = {isa = PBXBuildFile; fileRef = A4BFC655225DB74800E98BA1 /* AppController.swift */; };
		A4BFC658225DBA2300E98BA1 /* AppsGroupCell.swift in Sources */ = {isa = PBXBuildFile; fileRef = A4BFC657225DBA2300E98BA1 /* AppsGroupCell.swift */; };
		A4BFC65A225DBB6300E98BA1 /* UILabel+Init.swift in Sources */ = {isa = PBXBuildFile; fileRef = A4BFC659225DBB6300E98BA1 /* UILabel+Init.swift */; };
		A4BFC65C225DBE2E00E98BA1 /* AppsHorizontalView.swift in Sources */ = {isa = PBXBuildFile; fileRef = A4BFC65B225DBE2E00E98BA1 /* AppsHorizontalView.swift */; };
		A4BFC667225EFF9E00E98BA1 /* AppRowCell.swift in Sources */ = {isa = PBXBuildFile; fileRef = A4BFC666225EFF9E00E98BA1 /* AppRowCell.swift */; };
		A4BFC669225F009000E98BA1 /* UIImageView+Init.swift in Sources */ = {isa = PBXBuildFile; fileRef = A4BFC668225F009000E98BA1 /* UIImageView+Init.swift */; };
		A4BFC66B225F01BC00E98BA1 /* UIButton+Init.swift in Sources */ = {isa = PBXBuildFile; fileRef = A4BFC66A225F01BC00E98BA1 /* UIButton+Init.swift */; };
		A4BFC66D225F0DAB00E98BA1 /* AppsHeaderView.swift in Sources */ = {isa = PBXBuildFile; fileRef = A4BFC66C225F0DAB00E98BA1 /* AppsHeaderView.swift */; };
		A4BFC66F225F141100E98BA1 /* AppsHeaderCell.swift in Sources */ = {isa = PBXBuildFile; fileRef = A4BFC66E225F141100E98BA1 /* AppsHeaderCell.swift */; };
		A4BFC671225FBB4000E98BA1 /* AppGroup.swift in Sources */ = {isa = PBXBuildFile; fileRef = A4BFC670225FBB4000E98BA1 /* AppGroup.swift */; };
		A4BFC673225FCB7500E98BA1 /* AppHeader.swift in Sources */ = {isa = PBXBuildFile; fileRef = A4BFC672225FCB7500E98BA1 /* AppHeader.swift */; };
		A4BFC675225FD90500E98BA1 /* SnappingCollectionViewFlowLayout.swift in Sources */ = {isa = PBXBuildFile; fileRef = A4BFC674225FD90500E98BA1 /* SnappingCollectionViewFlowLayout.swift */; };
/* End PBXBuildFile section */

/* Begin PBXFileReference section */
		A4BFC629225C3FF900E98BA1 /* AppStoreClone.app */ = {isa = PBXFileReference; explicitFileType = wrapper.application; includeInIndex = 0; path = AppStoreClone.app; sourceTree = BUILT_PRODUCTS_DIR; };
		A4BFC62C225C3FF900E98BA1 /* AppDelegate.swift */ = {isa = PBXFileReference; lastKnownFileType = sourcecode.swift; path = AppDelegate.swift; sourceTree = "<group>"; };
		A4BFC62E225C3FF900E98BA1 /* ViewController.swift */ = {isa = PBXFileReference; lastKnownFileType = sourcecode.swift; path = ViewController.swift; sourceTree = "<group>"; };
		A4BFC631225C3FF900E98BA1 /* Base */ = {isa = PBXFileReference; lastKnownFileType = file.storyboard; name = Base; path = Base.lproj/Main.storyboard; sourceTree = "<group>"; };
		A4BFC633225C3FFB00E98BA1 /* Assets.xcassets */ = {isa = PBXFileReference; lastKnownFileType = folder.assetcatalog; path = Assets.xcassets; sourceTree = "<group>"; };
		A4BFC636225C3FFB00E98BA1 /* Base */ = {isa = PBXFileReference; lastKnownFileType = file.storyboard; name = Base; path = Base.lproj/LaunchScreen.storyboard; sourceTree = "<group>"; };
		A4BFC638225C3FFB00E98BA1 /* Info.plist */ = {isa = PBXFileReference; lastKnownFileType = text.plist.xml; path = Info.plist; sourceTree = "<group>"; };
		A4BFC63E225C42A000E98BA1 /* BaseTabBarController.swift */ = {isa = PBXFileReference; lastKnownFileType = sourcecode.swift; path = BaseTabBarController.swift; sourceTree = "<group>"; };
		A4BFC641225C499A00E98BA1 /* SearchController.swift */ = {isa = PBXFileReference; lastKnownFileType = sourcecode.swift; path = SearchController.swift; sourceTree = "<group>"; };
		A4BFC644225C4C7100E98BA1 /* SearchCell.swift */ = {isa = PBXFileReference; lastKnownFileType = sourcecode.swift; path = SearchCell.swift; sourceTree = "<group>"; };
		A4BFC649225C519B00E98BA1 /* UIView+Layout.swift */ = {isa = PBXFileReference; fileEncoding = 4; lastKnownFileType = sourcecode.swift; path = "UIView+Layout.swift"; sourceTree = "<group>"; };
		A4BFC64E225D770A00E98BA1 /* SearchResult.swift */ = {isa = PBXFileReference; lastKnownFileType = sourcecode.swift; path = SearchResult.swift; sourceTree = "<group>"; };
		A4BFC651225D7C8F00E98BA1 /* Network.swift */ = {isa = PBXFileReference; lastKnownFileType = sourcecode.swift; path = Network.swift; sourceTree = "<group>"; };
		A4BFC653225D87EA00E98BA1 /* UIImageView+LoadImage.swift */ = {isa = PBXFileReference; lastKnownFileType = sourcecode.swift; path = "UIImageView+LoadImage.swift"; sourceTree = "<group>"; };
		A4BFC655225DB74800E98BA1 /* AppController.swift */ = {isa = PBXFileReference; lastKnownFileType = sourcecode.swift; path = AppController.swift; sourceTree = "<group>"; };
		A4BFC657225DBA2300E98BA1 /* AppsGroupCell.swift */ = {isa = PBXFileReference; lastKnownFileType = sourcecode.swift; path = AppsGroupCell.swift; sourceTree = "<group>"; };
		A4BFC659225DBB6300E98BA1 /* UILabel+Init.swift */ = {isa = PBXFileReference; lastKnownFileType = sourcecode.swift; path = "UILabel+Init.swift"; sourceTree = "<group>"; };
		A4BFC65B225DBE2E00E98BA1 /* AppsHorizontalView.swift */ = {isa = PBXFileReference; lastKnownFileType = sourcecode.swift; path = AppsHorizontalView.swift; sourceTree = "<group>"; };
		A4BFC666225EFF9E00E98BA1 /* AppRowCell.swift */ = {isa = PBXFileReference; lastKnownFileType = sourcecode.swift; path = AppRowCell.swift; sourceTree = "<group>"; };
		A4BFC668225F009000E98BA1 /* UIImageView+Init.swift */ = {isa = PBXFileReference; lastKnownFileType = sourcecode.swift; path = "UIImageView+Init.swift"; sourceTree = "<group>"; };
		A4BFC66A225F01BC00E98BA1 /* UIButton+Init.swift */ = {isa = PBXFileReference; lastKnownFileType = sourcecode.swift; path = "UIButton+Init.swift"; sourceTree = "<group>"; };
		A4BFC66C225F0DAB00E98BA1 /* AppsHeaderView.swift */ = {isa = PBXFileReference; lastKnownFileType = sourcecode.swift; path = AppsHeaderView.swift; sourceTree = "<group>"; };
		A4BFC66E225F141100E98BA1 /* AppsHeaderCell.swift */ = {isa = PBXFileReference; lastKnownFileType = sourcecode.swift; path = AppsHeaderCell.swift; sourceTree = "<group>"; };
		A4BFC670225FBB4000E98BA1 /* AppGroup.swift */ = {isa = PBXFileReference; lastKnownFileType = sourcecode.swift; path = AppGroup.swift; sourceTree = "<group>"; };
		A4BFC672225FCB7500E98BA1 /* AppHeader.swift */ = {isa = PBXFileReference; lastKnownFileType = sourcecode.swift; path = AppHeader.swift; sourceTree = "<group>"; };
		A4BFC674225FD90500E98BA1 /* SnappingCollectionViewFlowLayout.swift */ = {isa = PBXFileReference; lastKnownFileType = sourcecode.swift; path = SnappingCollectionViewFlowLayout.swift; sourceTree = "<group>"; };
/* End PBXFileReference section */

/* Begin PBXFrameworksBuildPhase section */
		A4BFC626225C3FF900E98BA1 /* Frameworks */ = {
			isa = PBXFrameworksBuildPhase;
			buildActionMask = 2147483647;
			files = (
			);
			runOnlyForDeploymentPostprocessing = 0;
		};
/* End PBXFrameworksBuildPhase section */

/* Begin PBXGroup section */
		A4BFC620225C3FF900E98BA1 = {
			isa = PBXGroup;
			children = (
				A4BFC62B225C3FF900E98BA1 /* AppStoreClone */,
				A4BFC62A225C3FF900E98BA1 /* Products */,
			);
			sourceTree = "<group>";
		};
		A4BFC62A225C3FF900E98BA1 /* Products */ = {
			isa = PBXGroup;
			children = (
				A4BFC629225C3FF900E98BA1 /* AppStoreClone.app */,
			);
			name = Products;
			sourceTree = "<group>";
		};
		A4BFC62B225C3FF900E98BA1 /* AppStoreClone */ = {
			isa = PBXGroup;
			children = (
				A4BFC62C225C3FF900E98BA1 /* AppDelegate.swift */,
				A4BFC64D225D76FA00E98BA1 /* Models */,
				A4BFC643225C4C5300E98BA1 /* Views */,
				A4BFC640225C497600E98BA1 /* Controllers */,
				A4BFC648225C4E7000E98BA1 /* Extensions */,
				A4BFC676225FDB4B00E98BA1 /* Custom Classes */,
				A4BFC650225D7C6800E98BA1 /* Services */,
				A4BFC62E225C3FF900E98BA1 /* ViewController.swift */,
				A4BFC630225C3FF900E98BA1 /* Main.storyboard */,
				A4BFC633225C3FFB00E98BA1 /* Assets.xcassets */,
				A4BFC635225C3FFB00E98BA1 /* LaunchScreen.storyboard */,
				A4BFC638225C3FFB00E98BA1 /* Info.plist */,
			);
			path = AppStoreClone;
			sourceTree = "<group>";
		};
		A4BFC640225C497600E98BA1 /* Controllers */ = {
			isa = PBXGroup;
			children = (
				A4BFC655225DB74800E98BA1 /* AppController.swift */,
				A4BFC641225C499A00E98BA1 /* SearchController.swift */,
				A4BFC63E225C42A000E98BA1 /* BaseTabBarController.swift */,
			);
			path = Controllers;
			sourceTree = "<group>";
		};
		A4BFC643225C4C5300E98BA1 /* Views */ = {
			isa = PBXGroup;
			children = (
				A4BFC644225C4C7100E98BA1 /* SearchCell.swift */,
				A4BFC657225DBA2300E98BA1 /* AppsGroupCell.swift */,
				A4BFC65B225DBE2E00E98BA1 /* AppsHorizontalView.swift */,
				A4BFC666225EFF9E00E98BA1 /* AppRowCell.swift */,
				A4BFC66C225F0DAB00E98BA1 /* AppsHeaderView.swift */,
				A4BFC66E225F141100E98BA1 /* AppsHeaderCell.swift */,
			);
			path = Views;
			sourceTree = "<group>";
		};
		A4BFC648225C4E7000E98BA1 /* Extensions */ = {
			isa = PBXGroup;
			children = (
				A4BFC649225C519B00E98BA1 /* UIView+Layout.swift */,
				A4BFC668225F009000E98BA1 /* UIImageView+Init.swift */,
				A4BFC653225D87EA00E98BA1 /* UIImageView+LoadImage.swift */,
				A4BFC659225DBB6300E98BA1 /* UILabel+Init.swift */,
				A4BFC66A225F01BC00E98BA1 /* UIButton+Init.swift */,
			);
			path = Extensions;
			sourceTree = "<group>";
		};
		A4BFC64D225D76FA00E98BA1 /* Models */ = {
			isa = PBXGroup;
			children = (
				A4BFC64E225D770A00E98BA1 /* SearchResult.swift */,
				A4BFC670225FBB4000E98BA1 /* AppGroup.swift */,
				A4BFC672225FCB7500E98BA1 /* AppHeader.swift */,
			);
			path = Models;
			sourceTree = "<group>";
		};
		A4BFC650225D7C6800E98BA1 /* Services */ = {
			isa = PBXGroup;
			children = (
				A4BFC651225D7C8F00E98BA1 /* Network.swift */,
			);
			path = Services;
			sourceTree = "<group>";
		};
		A4BFC676225FDB4B00E98BA1 /* Custom Classes */ = {
			isa = PBXGroup;
			children = (
				A4BFC674225FD90500E98BA1 /* SnappingCollectionViewFlowLayout.swift */,
			);
			path = "Custom Classes";
			sourceTree = "<group>";
		};
/* End PBXGroup section */

/* Begin PBXNativeTarget section */
		A4BFC628225C3FF900E98BA1 /* AppStoreClone */ = {
			isa = PBXNativeTarget;
			buildConfigurationList = A4BFC63B225C3FFB00E98BA1 /* Build configuration list for PBXNativeTarget "AppStoreClone" */;
			buildPhases = (
				A4BFC625225C3FF900E98BA1 /* Sources */,
				A4BFC626225C3FF900E98BA1 /* Frameworks */,
				A4BFC627225C3FF900E98BA1 /* Resources */,
			);
			buildRules = (
			);
			dependencies = (
			);
			name = AppStoreClone;
			productName = AppStoreClone;
			productReference = A4BFC629225C3FF900E98BA1 /* AppStoreClone.app */;
			productType = "com.apple.product-type.application";
		};
/* End PBXNativeTarget section */

/* Begin PBXProject section */
		A4BFC621225C3FF900E98BA1 /* Project object */ = {
			isa = PBXProject;
			attributes = {
				LastSwiftUpdateCheck = 1020;
				LastUpgradeCheck = 1020;
				ORGANIZATIONNAME = "Prudhvi Gadiraju";
				TargetAttributes = {
					A4BFC628225C3FF900E98BA1 = {
						CreatedOnToolsVersion = 10.2;
					};
				};
			};
			buildConfigurationList = A4BFC624225C3FF900E98BA1 /* Build configuration list for PBXProject "AppStoreClone" */;
			compatibilityVersion = "Xcode 9.3";
			developmentRegion = en;
			hasScannedForEncodings = 0;
			knownRegions = (
				en,
				Base,
			);
			mainGroup = A4BFC620225C3FF900E98BA1;
			productRefGroup = A4BFC62A225C3FF900E98BA1 /* Products */;
			projectDirPath = "";
			projectRoot = "";
			targets = (
				A4BFC628225C3FF900E98BA1 /* AppStoreClone */,
			);
		};
/* End PBXProject section */

/* Begin PBXResourcesBuildPhase section */
		A4BFC627225C3FF900E98BA1 /* Resources */ = {
			isa = PBXResourcesBuildPhase;
			buildActionMask = 2147483647;
			files = (
				A4BFC637225C3FFB00E98BA1 /* LaunchScreen.storyboard in Resources */,
				A4BFC634225C3FFB00E98BA1 /* Assets.xcassets in Resources */,
				A4BFC632225C3FF900E98BA1 /* Main.storyboard in Resources */,
			);
			runOnlyForDeploymentPostprocessing = 0;
		};
/* End PBXResourcesBuildPhase section */

/* Begin PBXSourcesBuildPhase section */
		A4BFC625225C3FF900E98BA1 /* Sources */ = {
			isa = PBXSourcesBuildPhase;
			buildActionMask = 2147483647;
			files = (
				A4BFC62F225C3FF900E98BA1 /* ViewController.swift in Sources */,
				A4BFC656225DB74800E98BA1 /* AppController.swift in Sources */,
				A4BFC65A225DBB6300E98BA1 /* UILabel+Init.swift in Sources */,
				A4BFC671225FBB4000E98BA1 /* AppGroup.swift in Sources */,
				A4BFC658225DBA2300E98BA1 /* AppsGroupCell.swift in Sources */,
				A4BFC66F225F141100E98BA1 /* AppsHeaderCell.swift in Sources */,
				A4BFC654225D87EA00E98BA1 /* UIImageView+LoadImage.swift in Sources */,
				A4BFC64F225D770A00E98BA1 /* SearchResult.swift in Sources */,
				A4BFC667225EFF9E00E98BA1 /* AppRowCell.swift in Sources */,
				A4BFC66B225F01BC00E98BA1 /* UIButton+Init.swift in Sources */,
				A4BFC652225D7C8F00E98BA1 /* Network.swift in Sources */,
				A4BFC66D225F0DAB00E98BA1 /* AppsHeaderView.swift in Sources */,
				A4BFC673225FCB7500E98BA1 /* AppHeader.swift in Sources */,
				A4BFC645225C4C7100E98BA1 /* SearchCell.swift in Sources */,
				A4BFC64A225C519C00E98BA1 /* UIView+Layout.swift in Sources */,
				A4BFC669225F009000E98BA1 /* UIImageView+Init.swift in Sources */,
				A4BFC62D225C3FF900E98BA1 /* AppDelegate.swift in Sources */,
				A4BFC63F225C42A000E98BA1 /* BaseTabBarController.swift in Sources */,
				A4BFC65C225DBE2E00E98BA1 /* AppsHorizontalView.swift in Sources */,
				A4BFC642225C499A00E98BA1 /* SearchController.swift in Sources */,
				A4BFC675225FD90500E98BA1 /* SnappingCollectionViewFlowLayout.swift in Sources */,
			);
			runOnlyForDeploymentPostprocessing = 0;
		};
/* End PBXSourcesBuildPhase section */

/* Begin PBXVariantGroup section */
		A4BFC630225C3FF900E98BA1 /* Main.storyboard */ = {
			isa = PBXVariantGroup;
			children = (
				A4BFC631225C3FF900E98BA1 /* Base */,
			);
			name = Main.storyboard;
			sourceTree = "<group>";
		};
		A4BFC635225C3FFB00E98BA1 /* LaunchScreen.storyboard */ = {
			isa = PBXVariantGroup;
			children = (
				A4BFC636225C3FFB00E98BA1 /* Base */,
			);
			name = LaunchScreen.storyboard;
			sourceTree = "<group>";
		};
/* End PBXVariantGroup section */

/* Begin XCBuildConfiguration section */
		A4BFC639225C3FFB00E98BA1 /* Debug */ = {
			isa = XCBuildConfiguration;
			buildSettings = {
				ALWAYS_SEARCH_USER_PATHS = NO;
				CLANG_ANALYZER_NONNULL = YES;
				CLANG_ANALYZER_NUMBER_OBJECT_CONVERSION = YES_AGGRESSIVE;
				CLANG_CXX_LANGUAGE_STANDARD = "gnu++14";
				CLANG_CXX_LIBRARY = "libc++";
				CLANG_ENABLE_MODULES = YES;
				CLANG_ENABLE_OBJC_ARC = YES;
				CLANG_ENABLE_OBJC_WEAK = YES;
				CLANG_WARN_BLOCK_CAPTURE_AUTORELEASING = YES;
				CLANG_WARN_BOOL_CONVERSION = YES;
				CLANG_WARN_COMMA = YES;
				CLANG_WARN_CONSTANT_CONVERSION = YES;
				CLANG_WARN_DEPRECATED_OBJC_IMPLEMENTATIONS = YES;
				CLANG_WARN_DIRECT_OBJC_ISA_USAGE = YES_ERROR;
				CLANG_WARN_DOCUMENTATION_COMMENTS = YES;
				CLANG_WARN_EMPTY_BODY = YES;
				CLANG_WARN_ENUM_CONVERSION = YES;
				CLANG_WARN_INFINITE_RECURSION = YES;
				CLANG_WARN_INT_CONVERSION = YES;
				CLANG_WARN_NON_LITERAL_NULL_CONVERSION = YES;
				CLANG_WARN_OBJC_IMPLICIT_RETAIN_SELF = YES;
				CLANG_WARN_OBJC_LITERAL_CONVERSION = YES;
				CLANG_WARN_OBJC_ROOT_CLASS = YES_ERROR;
				CLANG_WARN_RANGE_LOOP_ANALYSIS = YES;
				CLANG_WARN_STRICT_PROTOTYPES = YES;
				CLANG_WARN_SUSPICIOUS_MOVE = YES;
				CLANG_WARN_UNGUARDED_AVAILABILITY = YES_AGGRESSIVE;
				CLANG_WARN_UNREACHABLE_CODE = YES;
				CLANG_WARN__DUPLICATE_METHOD_MATCH = YES;
				CODE_SIGN_IDENTITY = "iPhone Developer";
				COPY_PHASE_STRIP = NO;
				DEBUG_INFORMATION_FORMAT = dwarf;
				ENABLE_STRICT_OBJC_MSGSEND = YES;
				ENABLE_TESTABILITY = YES;
				GCC_C_LANGUAGE_STANDARD = gnu11;
				GCC_DYNAMIC_NO_PIC = NO;
				GCC_NO_COMMON_BLOCKS = YES;
				GCC_OPTIMIZATION_LEVEL = 0;
				GCC_PREPROCESSOR_DEFINITIONS = (
					"DEBUG=1",
					"$(inherited)",
				);
				GCC_WARN_64_TO_32_BIT_CONVERSION = YES;
				GCC_WARN_ABOUT_RETURN_TYPE = YES_ERROR;
				GCC_WARN_UNDECLARED_SELECTOR = YES;
				GCC_WARN_UNINITIALIZED_AUTOS = YES_AGGRESSIVE;
				GCC_WARN_UNUSED_FUNCTION = YES;
				GCC_WARN_UNUSED_VARIABLE = YES;
				IPHONEOS_DEPLOYMENT_TARGET = 12.2;
				MTL_ENABLE_DEBUG_INFO = INCLUDE_SOURCE;
				MTL_FAST_MATH = YES;
				ONLY_ACTIVE_ARCH = YES;
				SDKROOT = iphoneos;
				SWIFT_ACTIVE_COMPILATION_CONDITIONS = DEBUG;
				SWIFT_OPTIMIZATION_LEVEL = "-Onone";
			};
			name = Debug;
		};
		A4BFC63A225C3FFB00E98BA1 /* Release */ = {
			isa = XCBuildConfiguration;
			buildSettings = {
				ALWAYS_SEARCH_USER_PATHS = NO;
				CLANG_ANALYZER_NONNULL = YES;
				CLANG_ANALYZER_NUMBER_OBJECT_CONVERSION = YES_AGGRESSIVE;
				CLANG_CXX_LANGUAGE_STANDARD = "gnu++14";
				CLANG_CXX_LIBRARY = "libc++";
				CLANG_ENABLE_MODULES = YES;
				CLANG_ENABLE_OBJC_ARC = YES;
				CLANG_ENABLE_OBJC_WEAK = YES;
				CLANG_WARN_BLOCK_CAPTURE_AUTORELEASING = YES;
				CLANG_WARN_BOOL_CONVERSION = YES;
				CLANG_WARN_COMMA = YES;
				CLANG_WARN_CONSTANT_CONVERSION = YES;
				CLANG_WARN_DEPRECATED_OBJC_IMPLEMENTATIONS = YES;
				CLANG_WARN_DIRECT_OBJC_ISA_USAGE = YES_ERROR;
				CLANG_WARN_DOCUMENTATION_COMMENTS = YES;
				CLANG_WARN_EMPTY_BODY = YES;
				CLANG_WARN_ENUM_CONVERSION = YES;
				CLANG_WARN_INFINITE_RECURSION = YES;
				CLANG_WARN_INT_CONVERSION = YES;
				CLANG_WARN_NON_LITERAL_NULL_CONVERSION = YES;
				CLANG_WARN_OBJC_IMPLICIT_RETAIN_SELF = YES;
				CLANG_WARN_OBJC_LITERAL_CONVERSION = YES;
				CLANG_WARN_OBJC_ROOT_CLASS = YES_ERROR;
				CLANG_WARN_RANGE_LOOP_ANALYSIS = YES;
				CLANG_WARN_STRICT_PROTOTYPES = YES;
				CLANG_WARN_SUSPICIOUS_MOVE = YES;
				CLANG_WARN_UNGUARDED_AVAILABILITY = YES_AGGRESSIVE;
				CLANG_WARN_UNREACHABLE_CODE = YES;
				CLANG_WARN__DUPLICATE_METHOD_MATCH = YES;
				CODE_SIGN_IDENTITY = "iPhone Developer";
				COPY_PHASE_STRIP = NO;
				DEBUG_INFORMATION_FORMAT = "dwarf-with-dsym";
				ENABLE_NS_ASSERTIONS = NO;
				ENABLE_STRICT_OBJC_MSGSEND = YES;
				GCC_C_LANGUAGE_STANDARD = gnu11;
				GCC_NO_COMMON_BLOCKS = YES;
				GCC_WARN_64_TO_32_BIT_CONVERSION = YES;
				GCC_WARN_ABOUT_RETURN_TYPE = YES_ERROR;
				GCC_WARN_UNDECLARED_SELECTOR = YES;
				GCC_WARN_UNINITIALIZED_AUTOS = YES_AGGRESSIVE;
				GCC_WARN_UNUSED_FUNCTION = YES;
				GCC_WARN_UNUSED_VARIABLE = YES;
				IPHONEOS_DEPLOYMENT_TARGET = 12.2;
				MTL_ENABLE_DEBUG_INFO = NO;
				MTL_FAST_MATH = YES;
				SDKROOT = iphoneos;
				SWIFT_COMPILATION_MODE = wholemodule;
				SWIFT_OPTIMIZATION_LEVEL = "-O";
				VALIDATE_PRODUCT = YES;
			};
			name = Release;
		};
		A4BFC63C225C3FFB00E98BA1 /* Debug */ = {
			isa = XCBuildConfiguration;
			buildSettings = {
				ASSETCATALOG_COMPILER_APPICON_NAME = AppIcon;
				CODE_SIGN_STYLE = Automatic;
				DEVELOPMENT_TEAM = 4479HNAQMJ;
				INFOPLIST_FILE = AppStoreClone/Info.plist;
				LD_RUNPATH_SEARCH_PATHS = (
					"$(inherited)",
					"@executable_path/Frameworks",
				);
				PRODUCT_BUNDLE_IDENTIFIER = me.prudhvi.AppStoreClone;
				PRODUCT_NAME = "$(TARGET_NAME)";
				SWIFT_VERSION = 5.0;
				TARGETED_DEVICE_FAMILY = "1,2";
			};
			name = Debug;
		};
		A4BFC63D225C3FFB00E98BA1 /* Release */ = {
			isa = XCBuildConfiguration;
			buildSettings = {
				ASSETCATALOG_COMPILER_APPICON_NAME = AppIcon;
				CODE_SIGN_STYLE = Automatic;
				DEVELOPMENT_TEAM = 4479HNAQMJ;
				INFOPLIST_FILE = AppStoreClone/Info.plist;
				LD_RUNPATH_SEARCH_PATHS = (
					"$(inherited)",
					"@executable_path/Frameworks",
				);
				PRODUCT_BUNDLE_IDENTIFIER = me.prudhvi.AppStoreClone;
				PRODUCT_NAME = "$(TARGET_NAME)";
				SWIFT_VERSION = 5.0;
				TARGETED_DEVICE_FAMILY = "1,2";
			};
			name = Release;
		};
/* End XCBuildConfiguration section */

/* Begin XCConfigurationList section */
		A4BFC624225C3FF900E98BA1 /* Build configuration list for PBXProject "AppStoreClone" */ = {
			isa = XCConfigurationList;
			buildConfigurations = (
				A4BFC639225C3FFB00E98BA1 /* Debug */,
				A4BFC63A225C3FFB00E98BA1 /* Release */,
			);
			defaultConfigurationIsVisible = 0;
			defaultConfigurationName = Release;
		};
		A4BFC63B225C3FFB00E98BA1 /* Build configuration list for PBXNativeTarget "AppStoreClone" */ = {
			isa = XCConfigurationList;
			buildConfigurations = (
				A4BFC63C225C3FFB00E98BA1 /* Debug */,
				A4BFC63D225C3FFB00E98BA1 /* Release */,
			);
			defaultConfigurationIsVisible = 0;
			defaultConfigurationName = Release;
		};
/* End XCConfigurationList section */
	};
	rootObject = A4BFC621225C3FF900E98BA1 /* Project object */;
}
